// !$*UTF8*$!
{
	archiveVersion = 1;
	classes = {
	};
	objectVersion = 50;
	objects = {

/* Begin PBXBuildFile section */
		3DE3D0B21F8D9D6900FDEBF0 /* AppDelegate.swift in Sources */ = {isa = PBXBuildFile; fileRef = 3DE3D0B11F8D9D6900FDEBF0 /* AppDelegate.swift */; };
		3DE3D0B41F8D9D6900FDEBF0 /* ViewController.swift in Sources */ = {isa = PBXBuildFile; fileRef = 3DE3D0B31F8D9D6900FDEBF0 /* ViewController.swift */; };
		3DE3D0B71F8D9D6900FDEBF0 /* Main.storyboard in Resources */ = {isa = PBXBuildFile; fileRef = 3DE3D0B51F8D9D6900FDEBF0 /* Main.storyboard */; };
		3DE3D0B91F8D9D6900FDEBF0 /* Assets.xcassets in Resources */ = {isa = PBXBuildFile; fileRef = 3DE3D0B81F8D9D6900FDEBF0 /* Assets.xcassets */; };
		3DE3D0BC1F8D9D6900FDEBF0 /* LaunchScreen.storyboard in Resources */ = {isa = PBXBuildFile; fileRef = 3DE3D0BA1F8D9D6900FDEBF0 /* LaunchScreen.storyboard */; };
/* End PBXBuildFile section */

/* Begin PBXFileReference section */
		3DE3D0AE1F8D9D6900FDEBF0 /* RiverGauge.app */ = {isa = PBXFileReference; explicitFileType = wrapper.application; includeInIndex = 0; path = RiverGauge.app; sourceTree = BUILT_PRODUCTS_DIR; };
		3DE3D0B11F8D9D6900FDEBF0 /* AppDelegate.swift */ = {isa = PBXFileReference; lastKnownFileType = sourcecode.swift; path = AppDelegate.swift; sourceTree = "<group>"; };
		3DE3D0B31F8D9D6900FDEBF0 /* ViewController.swift */ = {isa = PBXFileReference; lastKnownFileType = sourcecode.swift; lineEnding = 0; path = ViewController.swift; sourceTree = "<group>"; };
		3DE3D0B61F8D9D6900FDEBF0 /* Base */ = {isa = PBXFileReference; lastKnownFileType = file.storyboard; name = Base; path = Base.lproj/Main.storyboard; sourceTree = "<group>"; };
		3DE3D0B81F8D9D6900FDEBF0 /* Assets.xcassets */ = {isa = PBXFileReference; lastKnownFileType = folder.assetcatalog; path = Assets.xcassets; sourceTree = "<group>"; };
		3DE3D0BB1F8D9D6900FDEBF0 /* Base */ = {isa = PBXFileReference; lastKnownFileType = file.storyboard; name = Base; path = Base.lproj/LaunchScreen.storyboard; sourceTree = "<group>"; };
		3DE3D0BD1F8D9D6900FDEBF0 /* Info.plist */ = {isa = PBXFileReference; lastKnownFileType = text.plist.xml; path = Info.plist; sourceTree = "<group>"; };
/* End PBXFileReference section */

/* Begin PBXFrameworksBuildPhase section */
		3DE3D0AB1F8D9D6900FDEBF0 /* Frameworks */ = {
			isa = PBXFrameworksBuildPhase;
			buildActionMask = 2147483647;
			files = (
			);
			runOnlyForDeploymentPostprocessing = 0;
		};
/* End PBXFrameworksBuildPhase section */

/* Begin PBXGroup section */
		3DE3D0A51F8D9D6900FDEBF0 = {
			isa = PBXGroup;
			children = (
				3DE3D0B01F8D9D6900FDEBF0 /* RiverGauge */,
				3DE3D0AF1F8D9D6900FDEBF0 /* Products */,
			);
			sourceTree = "<group>";
		};
		3DE3D0AF1F8D9D6900FDEBF0 /* Products */ = {
			isa = PBXGroup;
			children = (
				3DE3D0AE1F8D9D6900FDEBF0 /* RiverGauge.app */,
			);
			name = Products;
			sourceTree = "<group>";
		};
		3DE3D0B01F8D9D6900FDEBF0 /* RiverGauge */ = {
			isa = PBXGroup;
			children = (
				3DE3D0B11F8D9D6900FDEBF0 /* AppDelegate.swift */,
				3DE3D0B31F8D9D6900FDEBF0 /* ViewController.swift */,
				3DE3D0B51F8D9D6900FDEBF0 /* Main.storyboard */,
				3DE3D0B81F8D9D6900FDEBF0 /* Assets.xcassets */,
				3DE3D0BA1F8D9D6900FDEBF0 /* LaunchScreen.storyboard */,
				3DE3D0BD1F8D9D6900FDEBF0 /* Info.plist */,
			);
			path = RiverGauge;
			sourceTree = "<group>";
		};
/* End PBXGroup section */

/* Begin PBXNativeTarget section */
		3DE3D0AD1F8D9D6900FDEBF0 /* RiverGauge */ = {
			isa = PBXNativeTarget;
			buildConfigurationList = 3DE3D0C01F8D9D6900FDEBF0 /* Build configuration list for PBXNativeTarget "RiverGauge" */;
			buildPhases = (
				3DE3D0AA1F8D9D6900FDEBF0 /* Sources */,
				3DE3D0AB1F8D9D6900FDEBF0 /* Frameworks */,
				3DE3D0AC1F8D9D6900FDEBF0 /* Resources */,
				3D91B1971F9EB36900E554AC /* ShellScript */,
			);
			buildRules = (
			);
			dependencies = (
			);
			name = RiverGauge;
			productName = RiverGauge;
			productReference = 3DE3D0AE1F8D9D6900FDEBF0 /* RiverGauge.app */;
			productType = "com.apple.product-type.application";
		};
/* End PBXNativeTarget section */

/* Begin PBXProject section */
		3DE3D0A61F8D9D6900FDEBF0 /* Project object */ = {
			isa = PBXProject;
			attributes = {
				KnownAssetTags = (
					pastelRiverScene,
				);
				LastSwiftUpdateCheck = 0900;
				LastUpgradeCheck = 1160;
				ORGANIZATIONNAME = MurphySpringsLodge;
				TargetAttributes = {
					3DE3D0AD1F8D9D6900FDEBF0 = {
						CreatedOnToolsVersion = 9.0;
						LastSwiftMigration = 1160;
						ProvisioningStyle = Automatic;
					};
				};
			};
			buildConfigurationList = 3DE3D0A91F8D9D6900FDEBF0 /* Build configuration list for PBXProject "RiverGauge" */;
			compatibilityVersion = "Xcode 9.3";
			developmentRegion = en;
			hasScannedForEncodings = 0;
			knownRegions = (
				en,
				Base,
			);
			mainGroup = 3DE3D0A51F8D9D6900FDEBF0;
			productRefGroup = 3DE3D0AF1F8D9D6900FDEBF0 /* Products */;
			projectDirPath = "";
			projectRoot = "";
			targets = (
				3DE3D0AD1F8D9D6900FDEBF0 /* RiverGauge */,
			);
		};
/* End PBXProject section */

/* Begin PBXResourcesBuildPhase section */
		3DE3D0AC1F8D9D6900FDEBF0 /* Resources */ = {
			isa = PBXResourcesBuildPhase;
			buildActionMask = 2147483647;
			files = (
				3DE3D0BC1F8D9D6900FDEBF0 /* LaunchScreen.storyboard in Resources */,
				3DE3D0B91F8D9D6900FDEBF0 /* Assets.xcassets in Resources */,
				3DE3D0B71F8D9D6900FDEBF0 /* Main.storyboard in Resources */,
			);
			runOnlyForDeploymentPostprocessing = 0;
		};
/* End PBXResourcesBuildPhase section */

/* Begin PBXShellScriptBuildPhase section */
		3D91B1971F9EB36900E554AC /* ShellScript */ = {
			isa = PBXShellScriptBuildPhase;
			buildActionMask = 2147483647;
			files = (
			);
			inputPaths = (
			);
			outputPaths = (
			);
			runOnlyForDeploymentPostprocessing = 0;
			shellPath = /bin/sh;
			shellScript = "# Type a script or drag a script file from your workspace to insert its path.\n";
		};
/* End PBXShellScriptBuildPhase section */

/* Begin PBXSourcesBuildPhase section */
		3DE3D0AA1F8D9D6900FDEBF0 /* Sources */ = {
			isa = PBXSourcesBuildPhase;
			buildActionMask = 2147483647;
			files = (
				3DE3D0B41F8D9D6900FDEBF0 /* ViewController.swift in Sources */,
				3DE3D0B21F8D9D6900FDEBF0 /* AppDelegate.swift in Sources */,
			);
			runOnlyForDeploymentPostprocessing = 0;
		};
/* End PBXSourcesBuildPhase section */

/* Begin PBXVariantGroup section */
		3DE3D0B51F8D9D6900FDEBF0 /* Main.storyboard */ = {
			isa = PBXVariantGroup;
			children = (
				3DE3D0B61F8D9D6900FDEBF0 /* Base */,
			);
			name = Main.storyboard;
			sourceTree = "<group>";
		};
		3DE3D0BA1F8D9D6900FDEBF0 /* LaunchScreen.storyboard */ = {
			isa = PBXVariantGroup;
			children = (
				3DE3D0BB1F8D9D6900FDEBF0 /* Base */,
			);
			name = LaunchScreen.storyboard;
			sourceTree = "<group>";
		};
/* End PBXVariantGroup section */

/* Begin XCBuildConfiguration section */
		3DE3D0BE1F8D9D6900FDEBF0 /* Debug */ = {
			isa = XCBuildConfiguration;
			buildSettings = {
				ALWAYS_SEARCH_USER_PATHS = NO;
				CLANG_ANALYZER_NONNULL = YES;
				CLANG_ANALYZER_NUMBER_OBJECT_CONVERSION = YES_AGGRESSIVE;
				CLANG_CXX_LANGUAGE_STANDARD = "gnu++14";
				CLANG_CXX_LIBRARY = "libc++";
				CLANG_ENABLE_MODULES = YES;
				CLANG_ENABLE_OBJC_ARC = YES;
				CLANG_WARN_BLOCK_CAPTURE_AUTORELEASING = YES;
				CLANG_WARN_BOOL_CONVERSION = YES;
				CLANG_WARN_COMMA = YES;
				CLANG_WARN_CONSTANT_CONVERSION = YES;
				CLANG_WARN_DEPRECATED_OBJC_IMPLEMENTATIONS = YES;
				CLANG_WARN_DIRECT_OBJC_ISA_USAGE = YES_ERROR;
				CLANG_WARN_DOCUMENTATION_COMMENTS = YES;
				CLANG_WARN_EMPTY_BODY = YES;
				CLANG_WARN_ENUM_CONVERSION = YES;
				CLANG_WARN_INFINITE_RECURSION = YES;
				CLANG_WARN_INT_CONVERSION = YES;
				CLANG_WARN_NON_LITERAL_NULL_CONVERSION = YES;
				CLANG_WARN_OBJC_IMPLICIT_RETAIN_SELF = YES;
				CLANG_WARN_OBJC_LITERAL_CONVERSION = YES;
				CLANG_WARN_OBJC_ROOT_CLASS = YES_ERROR;
				CLANG_WARN_RANGE_LOOP_ANALYSIS = YES;
				CLANG_WARN_STRICT_PROTOTYPES = YES;
				CLANG_WARN_SUSPICIOUS_MOVE = YES;
				CLANG_WARN_UNGUARDED_AVAILABILITY = YES_AGGRESSIVE;
				CLANG_WARN_UNREACHABLE_CODE = YES;
				CLANG_WARN__DUPLICATE_METHOD_MATCH = YES;
				CODE_SIGN_IDENTITY = "iPhone Developer";
				COPY_PHASE_STRIP = NO;
				DEBUG_INFORMATION_FORMAT = dwarf;
				ENABLE_STRICT_OBJC_MSGSEND = YES;
				ENABLE_TESTABILITY = YES;
				GCC_C_LANGUAGE_STANDARD = gnu11;
				GCC_DYNAMIC_NO_PIC = NO;
				GCC_NO_COMMON_BLOCKS = YES;
				GCC_OPTIMIZATION_LEVEL = 0;
				GCC_PREPROCESSOR_DEFINITIONS = (
					"DEBUG=1",
					"$(inherited)",
				);
				GCC_WARN_64_TO_32_BIT_CONVERSION = YES;
				GCC_WARN_ABOUT_RETURN_TYPE = YES_ERROR;
				GCC_WARN_UNDECLARED_SELECTOR = YES;
				GCC_WARN_UNINITIALIZED_AUTOS = YES_AGGRESSIVE;
				GCC_WARN_UNUSED_FUNCTION = YES;
				GCC_WARN_UNUSED_VARIABLE = YES;
				IPHONEOS_DEPLOYMENT_TARGET = 13.6;
				MTL_ENABLE_DEBUG_INFO = YES;
				ONLY_ACTIVE_ARCH = YES;
				SDKROOT = iphoneos;
				SWIFT_ACTIVE_COMPILATION_CONDITIONS = DEBUG;
				SWIFT_OPTIMIZATION_LEVEL = "-Onone";
			};
			name = Debug;
		};
		3DE3D0BF1F8D9D6900FDEBF0 /* Release */ = {
			isa = XCBuildConfiguration;
			buildSettings = {
				ALWAYS_SEARCH_USER_PATHS = NO;
				CLANG_ANALYZER_NONNULL = YES;
				CLANG_ANALYZER_NUMBER_OBJECT_CONVERSION = YES_AGGRESSIVE;
				CLANG_CXX_LANGUAGE_STANDARD = "gnu++14";
				CLANG_CXX_LIBRARY = "libc++";
				CLANG_ENABLE_MODULES = YES;
				CLANG_ENABLE_OBJC_ARC = YES;
				CLANG_WARN_BLOCK_CAPTURE_AUTORELEASING = YES;
				CLANG_WARN_BOOL_CONVERSION = YES;
				CLANG_WARN_COMMA = YES;
				CLANG_WARN_CONSTANT_CONVERSION = YES;
				CLANG_WARN_DEPRECATED_OBJC_IMPLEMENTATIONS = YES;
				CLANG_WARN_DIRECT_OBJC_ISA_USAGE = YES_ERROR;
				CLANG_WARN_DOCUMENTATION_COMMENTS = YES;
				CLANG_WARN_EMPTY_BODY = YES;
				CLANG_WARN_ENUM_CONVERSION = YES;
				CLANG_WARN_INFINITE_RECURSION = YES;
				CLANG_WARN_INT_CONVERSION = YES;
				CLANG_WARN_NON_LITERAL_NULL_CONVERSION = YES;
				CLANG_WARN_OBJC_IMPLICIT_RETAIN_SELF = YES;
				CLANG_WARN_OBJC_LITERAL_CONVERSION = YES;
				CLANG_WARN_OBJC_ROOT_CLASS = YES_ERROR;
				CLANG_WARN_RANGE_LOOP_ANALYSIS = YES;
				CLANG_WARN_STRICT_PROTOTYPES = YES;
				CLANG_WARN_SUSPICIOUS_MOVE = YES;
				CLANG_WARN_UNGUARDED_AVAILABILITY = YES_AGGRESSIVE;
				CLANG_WARN_UNREACHABLE_CODE = YES;
				CLANG_WARN__DUPLICATE_METHOD_MATCH = YES;
				CODE_SIGN_IDENTITY = "iPhone Developer";
				COPY_PHASE_STRIP = NO;
				DEBUG_INFORMATION_FORMAT = "dwarf-with-dsym";
				ENABLE_NS_ASSERTIONS = NO;
				ENABLE_STRICT_OBJC_MSGSEND = YES;
				GCC_C_LANGUAGE_STANDARD = gnu11;
				GCC_NO_COMMON_BLOCKS = YES;
				GCC_WARN_64_TO_32_BIT_CONVERSION = YES;
				GCC_WARN_ABOUT_RETURN_TYPE = YES_ERROR;
				GCC_WARN_UNDECLARED_SELECTOR = YES;
				GCC_WARN_UNINITIALIZED_AUTOS = YES_AGGRESSIVE;
				GCC_WARN_UNUSED_FUNCTION = YES;
				GCC_WARN_UNUSED_VARIABLE = YES;
				IPHONEOS_DEPLOYMENT_TARGET = 13.6;
				MTL_ENABLE_DEBUG_INFO = NO;
				SDKROOT = iphoneos;
				SWIFT_COMPILATION_MODE = wholemodule;
				SWIFT_OPTIMIZATION_LEVEL = "-O";
				VALIDATE_PRODUCT = YES;
			};
			name = Release;
		};
		3DE3D0C11F8D9D6900FDEBF0 /* Debug */ = {
			isa = XCBuildConfiguration;
			buildSettings = {
				ASSETCATALOG_COMPILER_APPICON_NAME = AppIcon;
				CODE_SIGN_STYLE = Automatic;
				DEVELOPMENT_TEAM = 7WRWCSCM73;
				INFOPLIST_FILE = RiverGauge/Info.plist;
				LD_RUNPATH_SEARCH_PATHS = (
					"$(inherited)",
					"@executable_path/Frameworks",
				);
				PRODUCT_BUNDLE_IDENTIFIER = com.k9doghouse.RiverGauge;
				PRODUCT_NAME = "$(TARGET_NAME)";
				SWIFT_VERSION = 5.0;
				TARGETED_DEVICE_FAMILY = 1;
			};
			name = Debug;
		};
		3DE3D0C21F8D9D6900FDEBF0 /* Release */ = {
			isa = XCBuildConfiguration;
			buildSettings = {
				ASSETCATALOG_COMPILER_APPICON_NAME = AppIcon;
				CODE_SIGN_STYLE = Automatic;
				DEVELOPMENT_TEAM = 7WRWCSCM73;
				INFOPLIST_FILE = RiverGauge/Info.plist;
				LD_RUNPATH_SEARCH_PATHS = (
					"$(inherited)",
					"@executable_path/Frameworks",
				);
				MTL_ENABLE_DEBUG_INFO = YES;
				PRODUCT_BUNDLE_IDENTIFIER = com.k9doghouse.RiverGauge;
				PRODUCT_NAME = "$(TARGET_NAME)";
				SWIFT_VERSION = 5.0;
				TARGETED_DEVICE_FAMILY = 1;
			};
			name = Release;
		};
/* End XCBuildConfiguration section */

/* Begin XCConfigurationList section */
		3DE3D0A91F8D9D6900FDEBF0 /* Build configuration list for PBXProject "RiverGauge" */ = {
			isa = XCConfigurationList;
			buildConfigurations = (
				3DE3D0BE1F8D9D6900FDEBF0 /* Debug */,
				3DE3D0BF1F8D9D6900FDEBF0 /* Release */,
			);
			defaultConfigurationIsVisible = 0;
			defaultConfigurationName = Release;
		};
		3DE3D0C01F8D9D6900FDEBF0 /* Build configuration list for PBXNativeTarget "RiverGauge" */ = {
			isa = XCConfigurationList;
			buildConfigurations = (
				3DE3D0C11F8D9D6900FDEBF0 /* Debug */,
				3DE3D0C21F8D9D6900FDEBF0 /* Release */,
			);
			defaultConfigurationIsVisible = 0;
			defaultConfigurationName = Release;
		};
/* End XCConfigurationList section */
	};
	rootObject = 3DE3D0A61F8D9D6900FDEBF0 /* Project object */;
}
